
Microsoft Visual Studio Solution File, Format Version 12.00
# Visual Studio 14
VisualStudioVersion = 14.0.23107.0
MinimumVisualStudioVersion = 10.0.40219.1
Project("{FAE04EC0-301F-11D3-BF4B-00C04F79EFBC}") = "publisher", "publisher\publisher.csproj", "{2C97B978-0D14-4EC5-ACC1-D661D1381475}"
EndProject
Project("{FAE04EC0-301F-11D3-BF4B-00C04F79EFBC}") = "app", "app\app.csproj", "{D849802D-6F1E-4DE5-8B00-51FF486837EF}"
EndProject
Global
	GlobalSection(SolutionConfigurationPlatforms) = preSolution
		Debug|Any CPU = Debug|Any CPU
		Release|Any CPU = Release|Any CPU
	EndGlobalSection
	GlobalSection(ProjectConfigurationPlatforms) = postSolution
		{2C97B978-0D14-4EC5-ACC1-D661D1381475}.Debug|Any CPU.ActiveCfg = Debug|Any CPU
		{2C97B978-0D14-4EC5-ACC1-D661D1381475}.Debug|Any CPU.Build.0 = Debug|Any CPU
		{2C97B978-0D14-4EC5-ACC1-D661D1381475}.Release|Any CPU.ActiveCfg = Release|Any CPU
		{2C97B978-0D14-4EC5-ACC1-D661D1381475}.Release|Any CPU.Build.0 = Release|Any CPU
		{D849802D-6F1E-4DE5-8B00-51FF486837EF}.Debug|Any CPU.ActiveCfg = Debug|Any CPU
		{D849802D-6F1E-4DE5-8B00-51FF486837EF}.Debug|Any CPU.Build.0 = Debug|Any CPU
		{D849802D-6F1E-4DE5-8B00-51FF486837EF}.Release|Any CPU.ActiveCfg = Release|Any CPU
		{D849802D-6F1E-4DE5-8B00-51FF486837EF}.Release|Any CPU.Build.0 = Release|Any CPU
	EndGlobalSection
	GlobalSection(SolutionProperties) = preSolution
		HideSolutionNode = FALSE
	EndGlobalSection
EndGlobal
